
Microsoft Visual Studio Solution File, Format Version 12.00
# Visual Studio 15
VisualStudioVersion = 15.0.28307.168
MinimumVisualStudioVersion = 10.0.40219.1
Project("{FAE04EC0-301F-11D3-BF4B-00C04F79EFBC}") = "EspinozaPabloExaFinal", "EspinozaPabloExaFinal\EspinozaPabloExaFinal.csproj", "{95C798D6-0D77-4BF8-8990-9F6D6CB9EFF5}"
EndProject
Global
	GlobalSection(SolutionConfigurationPlatforms) = preSolution
		Debug|Any CPU = Debug|Any CPU
		Release|Any CPU = Release|Any CPU
	EndGlobalSection
	GlobalSection(ProjectConfigurationPlatforms) = postSolution
		{95C798D6-0D77-4BF8-8990-9F6D6CB9EFF5}.Debug|Any CPU.ActiveCfg = Debug|Any CPU
		{95C798D6-0D77-4BF8-8990-9F6D6CB9EFF5}.Debug|Any CPU.Build.0 = Debug|Any CPU
		{95C798D6-0D77-4BF8-8990-9F6D6CB9EFF5}.Release|Any CPU.ActiveCfg = Release|Any CPU
		{95C798D6-0D77-4BF8-8990-9F6D6CB9EFF5}.Release|Any CPU.Build.0 = Release|Any CPU
	EndGlobalSection
	GlobalSection(SolutionProperties) = preSolution
		HideSolutionNode = FALSE
	EndGlobalSection
	GlobalSection(ExtensibilityGlobals) = postSolution
		SolutionGuid = {CC9A1D9F-1682-4397-BDD8-F2D0B798EE4A}
	EndGlobalSection
EndGlobal
